
Microsoft Visual Studio Solution File, Format Version 12.00
# Visual Studio Version 17
VisualStudioVersion = 17.14.36518.9 d17.14
MinimumVisualStudioVersion = 10.0.40219.1
Project("{FAE04EC0-301F-11D3-BF4B-00C04F79EFBC}") = "PrivateDNS", "PrivateDNS.csproj", "{8D0B64DF-E4C7-47C3-9361-E65A9EA6CBFF}"
EndProject
Global
	GlobalSection(SolutionConfigurationPlatforms) = preSolution
		Debug|Any CPU = Debug|Any CPU
		Release|Any CPU = Release|Any CPU
	EndGlobalSection
	GlobalSection(ProjectConfigurationPlatforms) = postSolution
		{8D0B64DF-E4C7-47C3-9361-E65A9EA6CBFF}.Debug|Any CPU.ActiveCfg = Debug|Any CPU
		{8D0B64DF-E4C7-47C3-9361-E65A9EA6CBFF}.Debug|Any CPU.Build.0 = Debug|Any CPU
		{8D0B64DF-E4C7-47C3-9361-E65A9EA6CBFF}.Release|Any CPU.ActiveCfg = Release|Any CPU
		{8D0B64DF-E4C7-47C3-9361-E65A9EA6CBFF}.Release|Any CPU.Build.0 = Release|Any CPU
	EndGlobalSection
	GlobalSection(SolutionProperties) = preSolution
		HideSolutionNode = FALSE
	EndGlobalSection
	GlobalSection(ExtensibilityGlobals) = postSolution
		SolutionGuid = {C08079F4-95B7-4071-8429-4DA30A6A23C9}
	EndGlobalSection
EndGlobal
